
Microsoft Visual Studio Solution File, Format Version 12.00
# Visual Studio Version 17
VisualStudioVersion = 17.14.36616.10
MinimumVisualStudioVersion = 10.0.40219.1
Project("{2150E333-8FDC-42A3-9474-1A3956D46DE8}") = "Task0", "Task0", "{36D591C7-65C7-A0D1-1CBC-10CDE441BDC8}"
EndProject
Project("{FAE04EC0-301F-11D3-BF4B-00C04F79EFBC}") = "Tyuiu.SimkinOA.Sprint4.Task0.V13.Lib", "Tyuiu.SimkinOA.Sprint4.Task0.V13.Lib\Tyuiu.SimkinOA.Sprint4.Task0.V13.Lib.csproj", "{FDEB4CCC-B1FB-43C8-A601-B484D6521DCF}"
EndProject
Project("{FAE04EC0-301F-11D3-BF4B-00C04F79EFBC}") = "Tyuiu.SimkinOA.Sprint4.Task0.V13.Test", "Tyuiu.SimkinOA.Sprint4.Task0.V13.Test\Tyuiu.SimkinOA.Sprint4.Task0.V13.Test.csproj", "{3568A96A-9BEA-47C7-8E8F-D4C5CCB220DB}"
EndProject
Project("{FAE04EC0-301F-11D3-BF4B-00C04F79EFBC}") = "Tyuiu.SimkinOA.Sprint4.Task0.V13", "Tyuiu.SimkinOA.Sprint4.Task0.V13\Tyuiu.SimkinOA.Sprint4.Task0.V13.csproj", "{E2E39BC4-3EB0-4310-91FB-8F9B3C53BAC5}"
EndProject
Project("{2150E333-8FDC-42A3-9474-1A3956D46DE8}") = "Task1", "Task1", "{88717ABF-BE74-4DE5-9A1A-FF1A91728C50}"
EndProject
Project("{FAE04EC0-301F-11D3-BF4B-00C04F79EFBC}") = "Tyuiu.SimkinOA.Sprint4.Task1.V7.Lib", "Tyuiu.SimkinOA.Sprint4.Task1.V7.Lib\Tyuiu.SimkinOA.Sprint4.Task1.V7.Lib.csproj", "{76E70319-F728-4F2C-9B39-461E0AC94965}"
EndProject
Project("{FAE04EC0-301F-11D3-BF4B-00C04F79EFBC}") = "Tyuiu.SimkinOA.Sprint4.Task1.V7", "Tyuiu.SimkinOA.Sprint4.Task1.V7\Tyuiu.SimkinOA.Sprint4.Task1.V7.csproj", "{AF09F242-72E2-45EE-A537-C1E744C2C4A7}"
EndProject
Project("{FAE04EC0-301F-11D3-BF4B-00C04F79EFBC}") = "Tyuiu.SimkinOA.Sprint4.Task1.V7.Test", "Tyuiu.SimkinOA.Sprint4.Task1.V7.Test\Tyuiu.SimkinOA.Sprint4.Task1.V7.Test.csproj", "{32CAEFC9-1F95-46D4-BF2C-3686C5699A82}"
EndProject
Project("{2150E333-8FDC-42A3-9474-1A3956D46DE8}") = "Task2", "Task2", "{4544E38B-0A21-44CD-A1A9-FCBCB73E5523}"
EndProject
Project("{FAE04EC0-301F-11D3-BF4B-00C04F79EFBC}") = "Tyuiu.SimkinOA.Sprint4.Task2.V14.Lib", "Tyuiu.SimkinOA.Sprint4.Task2.V14.Lib\Tyuiu.SimkinOA.Sprint4.Task2.V14.Lib.csproj", "{7E883B50-7CE9-4971-A09E-5345BDFD45C1}"
EndProject
Project("{FAE04EC0-301F-11D3-BF4B-00C04F79EFBC}") = "Tyuiu.SimkinOA.Sprint4.Task2.V14.Test", "Tyuiu.SimkinOA.Sprint4.Task2.V14.Test\Tyuiu.SimkinOA.Sprint4.Task2.V14.Test.csproj", "{78716A5B-C71D-435A-9B01-CA51DFF03C7D}"
EndProject
Project("{FAE04EC0-301F-11D3-BF4B-00C04F79EFBC}") = "Tyuiu.SimkinOA.Sprint4.Task2.V14", "Tyuiu.SimkinOA.Sprint4.Task2.V14\Tyuiu.SimkinOA.Sprint4.Task2.V14.csproj", "{B4100054-6FDB-403D-BCFF-E27C0D1D4EE7}"
EndProject
Project("{2150E333-8FDC-42A3-9474-1A3956D46DE8}") = "Task3", "Task3", "{54A99FA5-4C86-499C-A386-1DDD718C1B98}"
EndProject
Project("{FAE04EC0-301F-11D3-BF4B-00C04F79EFBC}") = "Tyuiu.SimkinOA.Sprint4.Task3.V1.Lib", "Tyuiu.SimkinOA.Sprint4.Task3.V1.Lib\Tyuiu.SimkinOA.Sprint4.Task3.V1.Lib.csproj", "{B4C30902-3D79-4A4D-A6C2-7C408EA58286}"
EndProject
Project("{FAE04EC0-301F-11D3-BF4B-00C04F79EFBC}") = "Tyuiu.SimkinOA.Sprint4.Task3.V1.Test", "Tyuiu.SimkinOA.Sprint4.Task3.V1.Test\Tyuiu.SimkinOA.Sprint4.Task3.V1.Test.csproj", "{D04EA3B3-2EF3-4108-B2C6-50B42CD6FE5B}"
EndProject
Project("{FAE04EC0-301F-11D3-BF4B-00C04F79EFBC}") = "Tyuiu.SimkinOA.Sprint4.Task3.V1", "Tyuiu.SimkinOA.Sprint4.Task3.V1\Tyuiu.SimkinOA.Sprint4.Task3.V1.csproj", "{7251C2AE-3E28-4A01-AC2B-44EA4C64DBE8}"
EndProject
Project("{2150E333-8FDC-42A3-9474-1A3956D46DE8}") = "Task4", "Task4", "{F2EB1F7F-ED25-4F60-A2E0-2B7BEE0A505B}"
EndProject
Project("{FAE04EC0-301F-11D3-BF4B-00C04F79EFBC}") = "Tyuiu.SimkinOA.Sprint4.Task4.V11.Lib", "Tyuiu.SimkinOA.Sprint4.Task4.V11.Lib\Tyuiu.SimkinOA.Sprint4.Task4.V11.Lib.csproj", "{50181089-9481-4F87-9D15-E2C5617883FA}"
EndProject
Project("{FAE04EC0-301F-11D3-BF4B-00C04F79EFBC}") = "Tyuiu.SimkinOA.Sprint4.Task4.V11.Test", "Tyuiu.SimkinOA.Sprint4.Task4.V11.Test\Tyuiu.SimkinOA.Sprint4.Task4.V11.Test.csproj", "{2B94E4C1-A267-4D91-A534-577ECF499367}"
EndProject
Project("{FAE04EC0-301F-11D3-BF4B-00C04F79EFBC}") = "Tyuiu.SimkinOA.Sprint4.Task4.V11", "Tyuiu.SimkinOA.Sprint4.Task4.V11\Tyuiu.SimkinOA.Sprint4.Task4.V11.csproj", "{B84B8D2B-8F71-4D58-A3C3-7010B24C7783}"
EndProject
Global
	GlobalSection(SolutionConfigurationPlatforms) = preSolution
		Debug|Any CPU = Debug|Any CPU
		Release|Any CPU = Release|Any CPU
	EndGlobalSection
	GlobalSection(ProjectConfigurationPlatforms) = postSolution
		{FDEB4CCC-B1FB-43C8-A601-B484D6521DCF}.Debug|Any CPU.ActiveCfg = Debug|Any CPU
		{FDEB4CCC-B1FB-43C8-A601-B484D6521DCF}.Debug|Any CPU.Build.0 = Debug|Any CPU
		{FDEB4CCC-B1FB-43C8-A601-B484D6521DCF}.Release|Any CPU.ActiveCfg = Release|Any CPU
		{FDEB4CCC-B1FB-43C8-A601-B484D6521DCF}.Release|Any CPU.Build.0 = Release|Any CPU
		{3568A96A-9BEA-47C7-8E8F-D4C5CCB220DB}.Debug|Any CPU.ActiveCfg = Debug|Any CPU
		{3568A96A-9BEA-47C7-8E8F-D4C5CCB220DB}.Debug|Any CPU.Build.0 = Debug|Any CPU
		{3568A96A-9BEA-47C7-8E8F-D4C5CCB220DB}.Release|Any CPU.ActiveCfg = Release|Any CPU
		{3568A96A-9BEA-47C7-8E8F-D4C5CCB220DB}.Release|Any CPU.Build.0 = Release|Any CPU
		{E2E39BC4-3EB0-4310-91FB-8F9B3C53BAC5}.Debug|Any CPU.ActiveCfg = Debug|Any CPU
		{E2E39BC4-3EB0-4310-91FB-8F9B3C53BAC5}.Debug|Any CPU.Build.0 = Debug|Any CPU
		{E2E39BC4-3EB0-4310-91FB-8F9B3C53BAC5}.Release|Any CPU.ActiveCfg = Release|Any CPU
		{E2E39BC4-3EB0-4310-91FB-8F9B3C53BAC5}.Release|Any CPU.Build.0 = Release|Any CPU
		{76E70319-F728-4F2C-9B39-461E0AC94965}.Debug|Any CPU.ActiveCfg = Debug|Any CPU
		{76E70319-F728-4F2C-9B39-461E0AC94965}.Debug|Any CPU.Build.0 = Debug|Any CPU
		{76E70319-F728-4F2C-9B39-461E0AC94965}.Release|Any CPU.ActiveCfg = Release|Any CPU
		{76E70319-F728-4F2C-9B39-461E0AC94965}.Release|Any CPU.Build.0 = Release|Any CPU
		{AF09F242-72E2-45EE-A537-C1E744C2C4A7}.Debug|Any CPU.ActiveCfg = Debug|Any CPU
		{AF09F242-72E2-45EE-A537-C1E744C2C4A7}.Debug|Any CPU.Build.0 = Debug|Any CPU
		{AF09F242-72E2-45EE-A537-C1E744C2C4A7}.Release|Any CPU.ActiveCfg = Release|Any CPU
		{AF09F242-72E2-45EE-A537-C1E744C2C4A7}.Release|Any CPU.Build.0 = Release|Any CPU
		{32CAEFC9-1F95-46D4-BF2C-3686C5699A82}.Debug|Any CPU.ActiveCfg = Debug|Any CPU
		{32CAEFC9-1F95-46D4-BF2C-3686C5699A82}.Debug|Any CPU.Build.0 = Debug|Any CPU
		{32CAEFC9-1F95-46D4-BF2C-3686C5699A82}.Release|Any CPU.ActiveCfg = Release|Any CPU
		{32CAEFC9-1F95-46D4-BF2C-3686C5699A82}.Release|Any CPU.Build.0 = Release|Any CPU
		{7E883B50-7CE9-4971-A09E-5345BDFD45C1}.Debug|Any CPU.ActiveCfg = Debug|Any CPU
		{7E883B50-7CE9-4971-A09E-5345BDFD45C1}.Debug|Any CPU.Build.0 = Debug|Any CPU
		{7E883B50-7CE9-4971-A09E-5345BDFD45C1}.Release|Any CPU.ActiveCfg = Release|Any CPU
		{7E883B50-7CE9-4971-A09E-5345BDFD45C1}.Release|Any CPU.Build.0 = Release|Any CPU
		{78716A5B-C71D-435A-9B01-CA51DFF03C7D}.Debug|Any CPU.ActiveCfg = Debug|Any CPU
		{78716A5B-C71D-435A-9B01-CA51DFF03C7D}.Debug|Any CPU.Build.0 = Debug|Any CPU
		{78716A5B-C71D-435A-9B01-CA51DFF03C7D}.Release|Any CPU.ActiveCfg = Release|Any CPU
		{78716A5B-C71D-435A-9B01-CA51DFF03C7D}.Release|Any CPU.Build.0 = Release|Any CPU
		{B4100054-6FDB-403D-BCFF-E27C0D1D4EE7}.Debug|Any CPU.ActiveCfg = Debug|Any CPU
		{B4100054-6FDB-403D-BCFF-E27C0D1D4EE7}.Debug|Any CPU.Build.0 = Debug|Any CPU
		{B4100054-6FDB-403D-BCFF-E27C0D1D4EE7}.Release|Any CPU.ActiveCfg = Release|Any CPU
		{B4100054-6FDB-403D-BCFF-E27C0D1D4EE7}.Release|Any CPU.Build.0 = Release|Any CPU
		{B4C30902-3D79-4A4D-A6C2-7C408EA58286}.Debug|Any CPU.ActiveCfg = Debug|Any CPU
		{B4C30902-3D79-4A4D-A6C2-7C408EA58286}.Debug|Any CPU.Build.0 = Debug|Any CPU
		{B4C30902-3D79-4A4D-A6C2-7C408EA58286}.Release|Any CPU.ActiveCfg = Release|Any CPU
		{B4C30902-3D79-4A4D-A6C2-7C408EA58286}.Release|Any CPU.Build.0 = Release|Any CPU
		{D04EA3B3-2EF3-4108-B2C6-50B42CD6FE5B}.Debug|Any CPU.ActiveCfg = Debug|Any CPU
		{D04EA3B3-2EF3-4108-B2C6-50B42CD6FE5B}.Debug|Any CPU.Build.0 = Debug|Any CPU
		{D04EA3B3-2EF3-4108-B2C6-50B42CD6FE5B}.Release|Any CPU.ActiveCfg = Release|Any CPU
		{D04EA3B3-2EF3-4108-B2C6-50B42CD6FE5B}.Release|Any CPU.Build.0 = Release|Any CPU
		{7251C2AE-3E28-4A01-AC2B-44EA4C64DBE8}.Debug|Any CPU.ActiveCfg = Debug|Any CPU
		{7251C2AE-3E28-4A01-AC2B-44EA4C64DBE8}.Debug|Any CPU.Build.0 = Debug|Any CPU
		{7251C2AE-3E28-4A01-AC2B-44EA4C64DBE8}.Release|Any CPU.ActiveCfg = Release|Any CPU
		{7251C2AE-3E28-4A01-AC2B-44EA4C64DBE8}.Release|Any CPU.Build.0 = Release|Any CPU
		{50181089-9481-4F87-9D15-E2C5617883FA}.Debug|Any CPU.ActiveCfg = Debug|Any CPU
		{50181089-9481-4F87-9D15-E2C5617883FA}.Debug|Any CPU.Build.0 = Debug|Any CPU
		{50181089-9481-4F87-9D15-E2C5617883FA}.Release|Any CPU.ActiveCfg = Release|Any CPU
		{50181089-9481-4F87-9D15-E2C5617883FA}.Release|Any CPU.Build.0 = Release|Any CPU
		{2B94E4C1-A267-4D91-A534-577ECF499367}.Debug|Any CPU.ActiveCfg = Debug|Any CPU
		{2B94E4C1-A267-4D91-A534-577ECF499367}.Debug|Any CPU.Build.0 = Debug|Any CPU
		{2B94E4C1-A267-4D91-A534-577ECF499367}.Release|Any CPU.ActiveCfg = Release|Any CPU
		{2B94E4C1-A267-4D91-A534-577ECF499367}.Release|Any CPU.Build.0 = Release|Any CPU
		{B84B8D2B-8F71-4D58-A3C3-7010B24C7783}.Debug|Any CPU.ActiveCfg = Debug|Any CPU
		{B84B8D2B-8F71-4D58-A3C3-7010B24C7783}.Debug|Any CPU.Build.0 = Debug|Any CPU
		{B84B8D2B-8F71-4D58-A3C3-7010B24C7783}.Release|Any CPU.ActiveCfg = Release|Any CPU
		{B84B8D2B-8F71-4D58-A3C3-7010B24C7783}.Release|Any CPU.Build.0 = Release|Any CPU
	EndGlobalSection
	GlobalSection(SolutionProperties) = preSolution
		HideSolutionNode = FALSE
	EndGlobalSection
	GlobalSection(NestedProjects) = preSolution
		{FDEB4CCC-B1FB-43C8-A601-B484D6521DCF} = {36D591C7-65C7-A0D1-1CBC-10CDE441BDC8}
		{3568A96A-9BEA-47C7-8E8F-D4C5CCB220DB} = {36D591C7-65C7-A0D1-1CBC-10CDE441BDC8}
		{E2E39BC4-3EB0-4310-91FB-8F9B3C53BAC5} = {36D591C7-65C7-A0D1-1CBC-10CDE441BDC8}
		{76E70319-F728-4F2C-9B39-461E0AC94965} = {88717ABF-BE74-4DE5-9A1A-FF1A91728C50}
		{AF09F242-72E2-45EE-A537-C1E744C2C4A7} = {88717ABF-BE74-4DE5-9A1A-FF1A91728C50}
		{32CAEFC9-1F95-46D4-BF2C-3686C5699A82} = {88717ABF-BE74-4DE5-9A1A-FF1A91728C50}
		{7E883B50-7CE9-4971-A09E-5345BDFD45C1} = {4544E38B-0A21-44CD-A1A9-FCBCB73E5523}
		{78716A5B-C71D-435A-9B01-CA51DFF03C7D} = {4544E38B-0A21-44CD-A1A9-FCBCB73E5523}
		{B4100054-6FDB-403D-BCFF-E27C0D1D4EE7} = {4544E38B-0A21-44CD-A1A9-FCBCB73E5523}
		{B4C30902-3D79-4A4D-A6C2-7C408EA58286} = {54A99FA5-4C86-499C-A386-1DDD718C1B98}
		{D04EA3B3-2EF3-4108-B2C6-50B42CD6FE5B} = {54A99FA5-4C86-499C-A386-1DDD718C1B98}
		{7251C2AE-3E28-4A01-AC2B-44EA4C64DBE8} = {54A99FA5-4C86-499C-A386-1DDD718C1B98}
		{50181089-9481-4F87-9D15-E2C5617883FA} = {F2EB1F7F-ED25-4F60-A2E0-2B7BEE0A505B}
		{2B94E4C1-A267-4D91-A534-577ECF499367} = {F2EB1F7F-ED25-4F60-A2E0-2B7BEE0A505B}
		{B84B8D2B-8F71-4D58-A3C3-7010B24C7783} = {F2EB1F7F-ED25-4F60-A2E0-2B7BEE0A505B}
	EndGlobalSection
	GlobalSection(ExtensibilityGlobals) = postSolution
		SolutionGuid = {C2542735-3D26-42F8-82D4-E47B195A8186}
	EndGlobalSection
EndGlobal
