
Microsoft Visual Studio Solution File, Format Version 12.00
# Visual Studio Version 17
VisualStudioVersion = 17.14.36616.10
MinimumVisualStudioVersion = 10.0.40219.1
Project("{2150E333-8FDC-42A3-9474-1A3956D46DE8}") = "Task1", "Task1", "{88717ABF-BE74-4DE5-9A1A-FF1A91728C50}"
EndProject
Project("{FAE04EC0-301F-11D3-BF4B-00C04F79EFBC}") = "Tyuiu.SimkinOA.Sprint4.Task1.V7.Lib", "Tyuiu.SimkinOA.Sprint4.Task1.V7.Lib\Tyuiu.SimkinOA.Sprint4.Task1.V7.Lib.csproj", "{76E70319-F728-4F2C-9B39-461E0AC94965}"
EndProject
Project("{FAE04EC0-301F-11D3-BF4B-00C04F79EFBC}") = "Tyuiu.SimkinOA.Sprint4.Task1.V7", "Tyuiu.SimkinOA.Sprint4.Task1.V7\Tyuiu.SimkinOA.Sprint4.Task1.V7.csproj", "{AF09F242-72E2-45EE-A537-C1E744C2C4A7}"
EndProject
Project("{FAE04EC0-301F-11D3-BF4B-00C04F79EFBC}") = "Tyuiu.SimkinOA.Sprint4.Task1.V7.Test", "Tyuiu.SimkinOA.Sprint4.Task1.V7.Test\Tyuiu.SimkinOA.Sprint4.Task1.V7.Test.csproj", "{32CAEFC9-1F95-46D4-BF2C-3686C5699A82}"
EndProject
Project("{2150E333-8FDC-42A3-9474-1A3956D46DE8}") = "Task2", "Task2", "{4544E38B-0A21-44CD-A1A9-FCBCB73E5523}"
EndProject
Project("{FAE04EC0-301F-11D3-BF4B-00C04F79EFBC}") = "Tyuiu.SimkinOA.Sprint4.Task2.V14.Lib", "Tyuiu.SimkinOA.Sprint4.Task2.V14.Lib\Tyuiu.SimkinOA.Sprint4.Task2.V14.Lib.csproj", "{7E883B50-7CE9-4971-A09E-5345BDFD45C1}"
EndProject
Project("{FAE04EC0-301F-11D3-BF4B-00C04F79EFBC}") = "Tyuiu.SimkinOA.Sprint4.Task2.V14.Test", "Tyuiu.SimkinOA.Sprint4.Task2.V14.Test\Tyuiu.SimkinOA.Sprint4.Task2.V14.Test.csproj", "{78716A5B-C71D-435A-9B01-CA51DFF03C7D}"
EndProject
Project("{FAE04EC0-301F-11D3-BF4B-00C04F79EFBC}") = "Tyuiu.SimkinOA.Sprint4.Task2.V14", "Tyuiu.SimkinOA.Sprint4.Task2.V14\Tyuiu.SimkinOA.Sprint4.Task2.V14.csproj", "{B4100054-6FDB-403D-BCFF-E27C0D1D4EE7}"
EndProject
Project("{2150E333-8FDC-42A3-9474-1A3956D46DE8}") = "Task3", "Task3", "{54A99FA5-4C86-499C-A386-1DDD718C1B98}"
EndProject
Project("{FAE04EC0-301F-11D3-BF4B-00C04F79EFBC}") = "Tyuiu.SimkinOA.Sprint4.Task3.V1.Lib", "Tyuiu.SimkinOA.Sprint4.Task3.V1.Lib\Tyuiu.SimkinOA.Sprint4.Task3.V1.Lib.csproj", "{B4C30902-3D79-4A4D-A6C2-7C408EA58286}"
EndProject
Project("{FAE04EC0-301F-11D3-BF4B-00C04F79EFBC}") = "Tyuiu.SimkinOA.Sprint4.Task3.V1.Test", "Tyuiu.SimkinOA.Sprint4.Task3.V1.Test\Tyuiu.SimkinOA.Sprint4.Task3.V1.Test.csproj", "{D04EA3B3-2EF3-4108-B2C6-50B42CD6FE5B}"
EndProject
Project("{FAE04EC0-301F-11D3-BF4B-00C04F79EFBC}") = "Tyuiu.SimkinOA.Sprint4.Task3.V1", "Tyuiu.SimkinOA.Sprint4.Task3.V1\Tyuiu.SimkinOA.Sprint4.Task3.V1.csproj", "{7251C2AE-3E28-4A01-AC2B-44EA4C64DBE8}"
EndProject
Project("{2150E333-8FDC-42A3-9474-1A3956D46DE8}") = "Task4", "Task4", "{F2EB1F7F-ED25-4F60-A2E0-2B7BEE0A505B}"
EndProject
Project("{FAE04EC0-301F-11D3-BF4B-00C04F79EFBC}") = "Tyuiu.SimkinOA.Sprint4.Task4.V11.Lib", "Tyuiu.SimkinOA.Sprint4.Task4.V11.Lib\Tyuiu.SimkinOA.Sprint4.Task4.V11.Lib.csproj", "{50181089-9481-4F87-9D15-E2C5617883FA}"
EndProject
Project("{FAE04EC0-301F-11D3-BF4B-00C04F79EFBC}") = "Tyuiu.SimkinOA.Sprint4.Task4.V11.Test", "Tyuiu.SimkinOA.Sprint4.Task4.V11.Test\Tyuiu.SimkinOA.Sprint4.Task4.V11.Test.csproj", "{2B94E4C1-A267-4D91-A534-577ECF499367}"
EndProject
Project("{FAE04EC0-301F-11D3-BF4B-00C04F79EFBC}") = "Tyuiu.SimkinOA.Sprint4.Task4.V11", "Tyuiu.SimkinOA.Sprint4.Task4.V11\Tyuiu.SimkinOA.Sprint4.Task4.V11.csproj", "{B84B8D2B-8F71-4D58-A3C3-7010B24C7783}"
EndProject
Project("{2150E333-8FDC-42A3-9474-1A3956D46DE8}") = "Task5", "Task5", "{2DAB48D6-9340-4267-B163-51AD1F197FC7}"
EndProject
Project("{FAE04EC0-301F-11D3-BF4B-00C04F79EFBC}") = "Tyuiu.SimkinOA.Sprint4.Task5.V18", "Tyuiu.SimkinOA.Sprint4.Task5.V18\Tyuiu.SimkinOA.Sprint4.Task5.V18.csproj", "{5E40F0C6-1857-425D-BA22-71398EA9F2AF}"
EndProject
Project("{FAE04EC0-301F-11D3-BF4B-00C04F79EFBC}") = "Tyuiu.SimkinOA.Sprint4.Task5.V18.Lib", "Tyuiu.SimkinOA.Sprint4.Task5.V18.Lib\Tyuiu.SimkinOA.Sprint4.Task5.V18.Lib.csproj", "{D03DD9A0-C861-4717-9491-3C7A7E38E3C1}"
EndProject
Project("{FAE04EC0-301F-11D3-BF4B-00C04F79EFBC}") = "Tyuiu.SimkinOA.Sprint4.Task5.V18.Test", "Tyuiu.SimkinOA.Sprint4.Task5.V18.Test\Tyuiu.SimkinOA.Sprint4.Task5.V18.Test.csproj", "{46E78A05-635E-4D5F-ABA3-2A1E6D8A49D2}"
EndProject
Project("{2150E333-8FDC-42A3-9474-1A3956D46DE8}") = "Task6", "Task6", "{E3B7BAF7-D5C3-41E4-8FA7-32945DA22117}"
EndProject
Project("{FAE04EC0-301F-11D3-BF4B-00C04F79EFBC}") = "Tyuiu.SimkinOA.Sprint4.Task6.V11", "Tyuiu.SimkinOA.Sprint4.Task6.V11\Tyuiu.SimkinOA.Sprint4.Task6.V11.csproj", "{16A50E5D-CF16-4E4D-9312-9489A6C820D2}"
EndProject
Project("{FAE04EC0-301F-11D3-BF4B-00C04F79EFBC}") = "Tyuiu.SimkinOA.Sprint4.Task6.V11.Lib", "Tyuiu.SimkinOA.Sprint4.Task6.V11.Lib\Tyuiu.SimkinOA.Sprint4.Task6.V11.Lib.csproj", "{E84199E3-5628-4562-8242-C20E1F812DAC}"
EndProject
Project("{FAE04EC0-301F-11D3-BF4B-00C04F79EFBC}") = "Tyuiu.SimkinOA.Sprint4.Task6.V11.Test", "Tyuiu.SimkinOA.Sprint4.Task6.V11.Test\Tyuiu.SimkinOA.Sprint4.Task6.V11.Test.csproj", "{FE42B174-6351-485E-94A0-2DBC77B03A89}"
EndProject
Project("{2150E333-8FDC-42A3-9474-1A3956D46DE8}") = "Task7", "Task7", "{535B5AED-F36E-4C26-9B43-682B675CF5DC}"
EndProject
Project("{FAE04EC0-301F-11D3-BF4B-00C04F79EFBC}") = "Tyuiu.SimkinOA.Sprint4.Task7.V30", "Tyuiu.SimkinOA.Sprint4.Task7.V30\Tyuiu.SimkinOA.Sprint4.Task7.V30.csproj", "{0C5DF3DE-792E-4D2D-B949-120EB930C16B}"
EndProject
Project("{FAE04EC0-301F-11D3-BF4B-00C04F79EFBC}") = "Tyuiu.SimkinOA.Sprint4.Task7.V30.Lib", "Tyuiu.SimkinOA.Sprint4.Task7.V30.Lib\Tyuiu.SimkinOA.Sprint4.Task7.V30.Lib.csproj", "{E403DB94-BD8B-4912-93CC-581B76A7F44F}"
EndProject
Project("{FAE04EC0-301F-11D3-BF4B-00C04F79EFBC}") = "Tyuiu.SimkinOA.Sprint4.Task7.V30.Test", "Tyuiu.SimkinOA.Sprint4.Task7.V30.Test\Tyuiu.SimkinOA.Sprint4.Task7.V30.Test.csproj", "{5AAF5FB9-0B11-43DC-B4A7-1C05F537FC9B}"
EndProject
Project("{2150E333-8FDC-42A3-9474-1A3956D46DE8}") = "Task0", "Task0", "{36D591C7-65C7-A0D1-1CBC-10CDE441BDC8}"
EndProject
Project("{FAE04EC0-301F-11D3-BF4B-00C04F79EFBC}") = "Tyuiu.SimkinOA.Sprint4.Task0.V13", "Tyuiu.SimkinOA.Sprint4.Task0.V13\Tyuiu.SimkinOA.Sprint4.Task0.V13.csproj", "{6356E185-F98C-4090-A6FF-374078763AF0}"
EndProject
Project("{FAE04EC0-301F-11D3-BF4B-00C04F79EFBC}") = "Tyuiu.SimkinOA.Sprint4.Task0.V13.Test", "Tyuiu.SimkinOA.Sprint4.Task0.V13.Test\Tyuiu.SimkinOA.Sprint4.Task0.V13.Test.csproj", "{081AA59B-DF12-454F-B7B0-94CF7BCC5DDE}"
EndProject
Project("{FAE04EC0-301F-11D3-BF4B-00C04F79EFBC}") = "Tyuiu.SimkinOA.Sprint4.Task0.V13.Lib", "Tyuiu.SimkinOA.Sprint4.Task0.V13.Lib\Tyuiu.SimkinOA.Sprint4.Task0.V13.Lib.csproj", "{3E9D062D-6FCE-4B77-8286-D74AED42E8DC}"
EndProject
Global
	GlobalSection(SolutionConfigurationPlatforms) = preSolution
		Debug|Any CPU = Debug|Any CPU
		Release|Any CPU = Release|Any CPU
	EndGlobalSection
	GlobalSection(ProjectConfigurationPlatforms) = postSolution
		{76E70319-F728-4F2C-9B39-461E0AC94965}.Debug|Any CPU.ActiveCfg = Debug|Any CPU
		{76E70319-F728-4F2C-9B39-461E0AC94965}.Debug|Any CPU.Build.0 = Debug|Any CPU
		{76E70319-F728-4F2C-9B39-461E0AC94965}.Release|Any CPU.ActiveCfg = Release|Any CPU
		{76E70319-F728-4F2C-9B39-461E0AC94965}.Release|Any CPU.Build.0 = Release|Any CPU
		{AF09F242-72E2-45EE-A537-C1E744C2C4A7}.Debug|Any CPU.ActiveCfg = Debug|Any CPU
		{AF09F242-72E2-45EE-A537-C1E744C2C4A7}.Debug|Any CPU.Build.0 = Debug|Any CPU
		{AF09F242-72E2-45EE-A537-C1E744C2C4A7}.Release|Any CPU.ActiveCfg = Release|Any CPU
		{AF09F242-72E2-45EE-A537-C1E744C2C4A7}.Release|Any CPU.Build.0 = Release|Any CPU
		{32CAEFC9-1F95-46D4-BF2C-3686C5699A82}.Debug|Any CPU.ActiveCfg = Debug|Any CPU
		{32CAEFC9-1F95-46D4-BF2C-3686C5699A82}.Debug|Any CPU.Build.0 = Debug|Any CPU
		{32CAEFC9-1F95-46D4-BF2C-3686C5699A82}.Release|Any CPU.ActiveCfg = Release|Any CPU
		{32CAEFC9-1F95-46D4-BF2C-3686C5699A82}.Release|Any CPU.Build.0 = Release|Any CPU
		{7E883B50-7CE9-4971-A09E-5345BDFD45C1}.Debug|Any CPU.ActiveCfg = Debug|Any CPU
		{7E883B50-7CE9-4971-A09E-5345BDFD45C1}.Debug|Any CPU.Build.0 = Debug|Any CPU
		{7E883B50-7CE9-4971-A09E-5345BDFD45C1}.Release|Any CPU.ActiveCfg = Release|Any CPU
		{7E883B50-7CE9-4971-A09E-5345BDFD45C1}.Release|Any CPU.Build.0 = Release|Any CPU
		{78716A5B-C71D-435A-9B01-CA51DFF03C7D}.Debug|Any CPU.ActiveCfg = Debug|Any CPU
		{78716A5B-C71D-435A-9B01-CA51DFF03C7D}.Debug|Any CPU.Build.0 = Debug|Any CPU
		{78716A5B-C71D-435A-9B01-CA51DFF03C7D}.Release|Any CPU.ActiveCfg = Release|Any CPU
		{78716A5B-C71D-435A-9B01-CA51DFF03C7D}.Release|Any CPU.Build.0 = Release|Any CPU
		{B4100054-6FDB-403D-BCFF-E27C0D1D4EE7}.Debug|Any CPU.ActiveCfg = Debug|Any CPU
		{B4100054-6FDB-403D-BCFF-E27C0D1D4EE7}.Debug|Any CPU.Build.0 = Debug|Any CPU
		{B4100054-6FDB-403D-BCFF-E27C0D1D4EE7}.Release|Any CPU.ActiveCfg = Release|Any CPU
		{B4100054-6FDB-403D-BCFF-E27C0D1D4EE7}.Release|Any CPU.Build.0 = Release|Any CPU
		{B4C30902-3D79-4A4D-A6C2-7C408EA58286}.Debug|Any CPU.ActiveCfg = Debug|Any CPU
		{B4C30902-3D79-4A4D-A6C2-7C408EA58286}.Debug|Any CPU.Build.0 = Debug|Any CPU
		{B4C30902-3D79-4A4D-A6C2-7C408EA58286}.Release|Any CPU.ActiveCfg = Release|Any CPU
		{B4C30902-3D79-4A4D-A6C2-7C408EA58286}.Release|Any CPU.Build.0 = Release|Any CPU
		{D04EA3B3-2EF3-4108-B2C6-50B42CD6FE5B}.Debug|Any CPU.ActiveCfg = Debug|Any CPU
		{D04EA3B3-2EF3-4108-B2C6-50B42CD6FE5B}.Debug|Any CPU.Build.0 = Debug|Any CPU
		{D04EA3B3-2EF3-4108-B2C6-50B42CD6FE5B}.Release|Any CPU.ActiveCfg = Release|Any CPU
		{D04EA3B3-2EF3-4108-B2C6-50B42CD6FE5B}.Release|Any CPU.Build.0 = Release|Any CPU
		{7251C2AE-3E28-4A01-AC2B-44EA4C64DBE8}.Debug|Any CPU.ActiveCfg = Debug|Any CPU
		{7251C2AE-3E28-4A01-AC2B-44EA4C64DBE8}.Debug|Any CPU.Build.0 = Debug|Any CPU
		{7251C2AE-3E28-4A01-AC2B-44EA4C64DBE8}.Release|Any CPU.ActiveCfg = Release|Any CPU
		{7251C2AE-3E28-4A01-AC2B-44EA4C64DBE8}.Release|Any CPU.Build.0 = Release|Any CPU
		{50181089-9481-4F87-9D15-E2C5617883FA}.Debug|Any CPU.ActiveCfg = Debug|Any CPU
		{50181089-9481-4F87-9D15-E2C5617883FA}.Debug|Any CPU.Build.0 = Debug|Any CPU
		{50181089-9481-4F87-9D15-E2C5617883FA}.Release|Any CPU.ActiveCfg = Release|Any CPU
		{50181089-9481-4F87-9D15-E2C5617883FA}.Release|Any CPU.Build.0 = Release|Any CPU
		{2B94E4C1-A267-4D91-A534-577ECF499367}.Debug|Any CPU.ActiveCfg = Debug|Any CPU
		{2B94E4C1-A267-4D91-A534-577ECF499367}.Debug|Any CPU.Build.0 = Debug|Any CPU
		{2B94E4C1-A267-4D91-A534-577ECF499367}.Release|Any CPU.ActiveCfg = Release|Any CPU
		{2B94E4C1-A267-4D91-A534-577ECF499367}.Release|Any CPU.Build.0 = Release|Any CPU
		{B84B8D2B-8F71-4D58-A3C3-7010B24C7783}.Debug|Any CPU.ActiveCfg = Debug|Any CPU
		{B84B8D2B-8F71-4D58-A3C3-7010B24C7783}.Debug|Any CPU.Build.0 = Debug|Any CPU
		{B84B8D2B-8F71-4D58-A3C3-7010B24C7783}.Release|Any CPU.ActiveCfg = Release|Any CPU
		{B84B8D2B-8F71-4D58-A3C3-7010B24C7783}.Release|Any CPU.Build.0 = Release|Any CPU
		{5E40F0C6-1857-425D-BA22-71398EA9F2AF}.Debug|Any CPU.ActiveCfg = Debug|Any CPU
		{5E40F0C6-1857-425D-BA22-71398EA9F2AF}.Debug|Any CPU.Build.0 = Debug|Any CPU
		{5E40F0C6-1857-425D-BA22-71398EA9F2AF}.Release|Any CPU.ActiveCfg = Release|Any CPU
		{5E40F0C6-1857-425D-BA22-71398EA9F2AF}.Release|Any CPU.Build.0 = Release|Any CPU
		{D03DD9A0-C861-4717-9491-3C7A7E38E3C1}.Debug|Any CPU.ActiveCfg = Debug|Any CPU
		{D03DD9A0-C861-4717-9491-3C7A7E38E3C1}.Debug|Any CPU.Build.0 = Debug|Any CPU
		{D03DD9A0-C861-4717-9491-3C7A7E38E3C1}.Release|Any CPU.ActiveCfg = Release|Any CPU
		{D03DD9A0-C861-4717-9491-3C7A7E38E3C1}.Release|Any CPU.Build.0 = Release|Any CPU
		{46E78A05-635E-4D5F-ABA3-2A1E6D8A49D2}.Debug|Any CPU.ActiveCfg = Debug|Any CPU
		{46E78A05-635E-4D5F-ABA3-2A1E6D8A49D2}.Debug|Any CPU.Build.0 = Debug|Any CPU
		{46E78A05-635E-4D5F-ABA3-2A1E6D8A49D2}.Release|Any CPU.ActiveCfg = Release|Any CPU
		{46E78A05-635E-4D5F-ABA3-2A1E6D8A49D2}.Release|Any CPU.Build.0 = Release|Any CPU
		{16A50E5D-CF16-4E4D-9312-9489A6C820D2}.Debug|Any CPU.ActiveCfg = Debug|Any CPU
		{16A50E5D-CF16-4E4D-9312-9489A6C820D2}.Debug|Any CPU.Build.0 = Debug|Any CPU
		{16A50E5D-CF16-4E4D-9312-9489A6C820D2}.Release|Any CPU.ActiveCfg = Release|Any CPU
		{16A50E5D-CF16-4E4D-9312-9489A6C820D2}.Release|Any CPU.Build.0 = Release|Any CPU
		{E84199E3-5628-4562-8242-C20E1F812DAC}.Debug|Any CPU.ActiveCfg = Debug|Any CPU
		{E84199E3-5628-4562-8242-C20E1F812DAC}.Debug|Any CPU.Build.0 = Debug|Any CPU
		{E84199E3-5628-4562-8242-C20E1F812DAC}.Release|Any CPU.ActiveCfg = Release|Any CPU
		{E84199E3-5628-4562-8242-C20E1F812DAC}.Release|Any CPU.Build.0 = Release|Any CPU
		{FE42B174-6351-485E-94A0-2DBC77B03A89}.Debug|Any CPU.ActiveCfg = Debug|Any CPU
		{FE42B174-6351-485E-94A0-2DBC77B03A89}.Debug|Any CPU.Build.0 = Debug|Any CPU
		{FE42B174-6351-485E-94A0-2DBC77B03A89}.Release|Any CPU.ActiveCfg = Release|Any CPU
		{FE42B174-6351-485E-94A0-2DBC77B03A89}.Release|Any CPU.Build.0 = Release|Any CPU
		{0C5DF3DE-792E-4D2D-B949-120EB930C16B}.Debug|Any CPU.ActiveCfg = Debug|Any CPU
		{0C5DF3DE-792E-4D2D-B949-120EB930C16B}.Debug|Any CPU.Build.0 = Debug|Any CPU
		{0C5DF3DE-792E-4D2D-B949-120EB930C16B}.Release|Any CPU.ActiveCfg = Release|Any CPU
		{0C5DF3DE-792E-4D2D-B949-120EB930C16B}.Release|Any CPU.Build.0 = Release|Any CPU
		{E403DB94-BD8B-4912-93CC-581B76A7F44F}.Debug|Any CPU.ActiveCfg = Debug|Any CPU
		{E403DB94-BD8B-4912-93CC-581B76A7F44F}.Debug|Any CPU.Build.0 = Debug|Any CPU
		{E403DB94-BD8B-4912-93CC-581B76A7F44F}.Release|Any CPU.ActiveCfg = Release|Any CPU
		{E403DB94-BD8B-4912-93CC-581B76A7F44F}.Release|Any CPU.Build.0 = Release|Any CPU
		{5AAF5FB9-0B11-43DC-B4A7-1C05F537FC9B}.Debug|Any CPU.ActiveCfg = Debug|Any CPU
		{5AAF5FB9-0B11-43DC-B4A7-1C05F537FC9B}.Debug|Any CPU.Build.0 = Debug|Any CPU
		{5AAF5FB9-0B11-43DC-B4A7-1C05F537FC9B}.Release|Any CPU.ActiveCfg = Release|Any CPU
		{5AAF5FB9-0B11-43DC-B4A7-1C05F537FC9B}.Release|Any CPU.Build.0 = Release|Any CPU
		{6356E185-F98C-4090-A6FF-374078763AF0}.Debug|Any CPU.ActiveCfg = Debug|Any CPU
		{6356E185-F98C-4090-A6FF-374078763AF0}.Debug|Any CPU.Build.0 = Debug|Any CPU
		{6356E185-F98C-4090-A6FF-374078763AF0}.Release|Any CPU.ActiveCfg = Release|Any CPU
		{6356E185-F98C-4090-A6FF-374078763AF0}.Release|Any CPU.Build.0 = Release|Any CPU
		{081AA59B-DF12-454F-B7B0-94CF7BCC5DDE}.Debug|Any CPU.ActiveCfg = Debug|Any CPU
		{081AA59B-DF12-454F-B7B0-94CF7BCC5DDE}.Debug|Any CPU.Build.0 = Debug|Any CPU
		{081AA59B-DF12-454F-B7B0-94CF7BCC5DDE}.Release|Any CPU.ActiveCfg = Release|Any CPU
		{081AA59B-DF12-454F-B7B0-94CF7BCC5DDE}.Release|Any CPU.Build.0 = Release|Any CPU
		{3E9D062D-6FCE-4B77-8286-D74AED42E8DC}.Debug|Any CPU.ActiveCfg = Debug|Any CPU
		{3E9D062D-6FCE-4B77-8286-D74AED42E8DC}.Debug|Any CPU.Build.0 = Debug|Any CPU
		{3E9D062D-6FCE-4B77-8286-D74AED42E8DC}.Release|Any CPU.ActiveCfg = Release|Any CPU
		{3E9D062D-6FCE-4B77-8286-D74AED42E8DC}.Release|Any CPU.Build.0 = Release|Any CPU
	EndGlobalSection
	GlobalSection(SolutionProperties) = preSolution
		HideSolutionNode = FALSE
	EndGlobalSection
	GlobalSection(NestedProjects) = preSolution
		{76E70319-F728-4F2C-9B39-461E0AC94965} = {88717ABF-BE74-4DE5-9A1A-FF1A91728C50}
		{AF09F242-72E2-45EE-A537-C1E744C2C4A7} = {88717ABF-BE74-4DE5-9A1A-FF1A91728C50}
		{32CAEFC9-1F95-46D4-BF2C-3686C5699A82} = {88717ABF-BE74-4DE5-9A1A-FF1A91728C50}
		{7E883B50-7CE9-4971-A09E-5345BDFD45C1} = {4544E38B-0A21-44CD-A1A9-FCBCB73E5523}
		{78716A5B-C71D-435A-9B01-CA51DFF03C7D} = {4544E38B-0A21-44CD-A1A9-FCBCB73E5523}
		{B4100054-6FDB-403D-BCFF-E27C0D1D4EE7} = {4544E38B-0A21-44CD-A1A9-FCBCB73E5523}
		{B4C30902-3D79-4A4D-A6C2-7C408EA58286} = {54A99FA5-4C86-499C-A386-1DDD718C1B98}
		{D04EA3B3-2EF3-4108-B2C6-50B42CD6FE5B} = {54A99FA5-4C86-499C-A386-1DDD718C1B98}
		{7251C2AE-3E28-4A01-AC2B-44EA4C64DBE8} = {54A99FA5-4C86-499C-A386-1DDD718C1B98}
		{50181089-9481-4F87-9D15-E2C5617883FA} = {F2EB1F7F-ED25-4F60-A2E0-2B7BEE0A505B}
		{2B94E4C1-A267-4D91-A534-577ECF499367} = {F2EB1F7F-ED25-4F60-A2E0-2B7BEE0A505B}
		{B84B8D2B-8F71-4D58-A3C3-7010B24C7783} = {F2EB1F7F-ED25-4F60-A2E0-2B7BEE0A505B}
		{5E40F0C6-1857-425D-BA22-71398EA9F2AF} = {2DAB48D6-9340-4267-B163-51AD1F197FC7}
		{D03DD9A0-C861-4717-9491-3C7A7E38E3C1} = {2DAB48D6-9340-4267-B163-51AD1F197FC7}
		{46E78A05-635E-4D5F-ABA3-2A1E6D8A49D2} = {2DAB48D6-9340-4267-B163-51AD1F197FC7}
		{16A50E5D-CF16-4E4D-9312-9489A6C820D2} = {E3B7BAF7-D5C3-41E4-8FA7-32945DA22117}
		{E84199E3-5628-4562-8242-C20E1F812DAC} = {E3B7BAF7-D5C3-41E4-8FA7-32945DA22117}
		{FE42B174-6351-485E-94A0-2DBC77B03A89} = {E3B7BAF7-D5C3-41E4-8FA7-32945DA22117}
		{0C5DF3DE-792E-4D2D-B949-120EB930C16B} = {535B5AED-F36E-4C26-9B43-682B675CF5DC}
		{E403DB94-BD8B-4912-93CC-581B76A7F44F} = {535B5AED-F36E-4C26-9B43-682B675CF5DC}
		{5AAF5FB9-0B11-43DC-B4A7-1C05F537FC9B} = {535B5AED-F36E-4C26-9B43-682B675CF5DC}
		{6356E185-F98C-4090-A6FF-374078763AF0} = {36D591C7-65C7-A0D1-1CBC-10CDE441BDC8}
		{081AA59B-DF12-454F-B7B0-94CF7BCC5DDE} = {36D591C7-65C7-A0D1-1CBC-10CDE441BDC8}
		{3E9D062D-6FCE-4B77-8286-D74AED42E8DC} = {36D591C7-65C7-A0D1-1CBC-10CDE441BDC8}
	EndGlobalSection
	GlobalSection(ExtensibilityGlobals) = postSolution
		SolutionGuid = {C2542735-3D26-42F8-82D4-E47B195A8186}
	EndGlobalSection
EndGlobal
